// !$*UTF8*$!
{
	archiveVersion = 1;
	classes = {
	};
	objectVersion = 46;
	objects = {

/* Begin PBXBuildFile section */
		115D97341AB445E700321D8F /* main.m in Sources */ = {isa = PBXBuildFile; fileRef = 115D97331AB445E700321D8F /* main.m */; };
		115D97371AB445E700321D8F /* AppDelegate.m in Sources */ = {isa = PBXBuildFile; fileRef = 115D97361AB445E700321D8F /* AppDelegate.m */; };
		115D973A1AB445E700321D8F /* ViewController.m in Sources */ = {isa = PBXBuildFile; fileRef = 115D97391AB445E700321D8F /* ViewController.m */; };
		115D973D1AB445E700321D8F /* Main.storyboard in Resources */ = {isa = PBXBuildFile; fileRef = 115D973B1AB445E700321D8F /* Main.storyboard */; };
		115D973F1AB445E700321D8F /* Images.xcassets in Resources */ = {isa = PBXBuildFile; fileRef = 115D973E1AB445E700321D8F /* Images.xcassets */; };
		115D97421AB445E700321D8F /* LaunchScreen.xib in Resources */ = {isa = PBXBuildFile; fileRef = 115D97401AB445E700321D8F /* LaunchScreen.xib */; };
		115D974E1AB445E800321D8F /* EmChatTests.m in Sources */ = {isa = PBXBuildFile; fileRef = 115D974D1AB445E800321D8F /* EmChatTests.m */; };
		115D97591AB4499B00321D8F /* TakePhotoViewController.m in Sources */ = {isa = PBXBuildFile; fileRef = 115D97581AB4499B00321D8F /* TakePhotoViewController.m */; };
		118CA1661AB4541F002F0A4F /* UIActionSheet+Blocks.m in Sources */ = {isa = PBXBuildFile; fileRef = 118CA1651AB4541F002F0A4F /* UIActionSheet+Blocks.m */; };
		118CA1691AB45A41002F0A4F /* InterestSelectionTableViewController.m in Sources */ = {isa = PBXBuildFile; fileRef = 118CA1681AB45A41002F0A4F /* InterestSelectionTableViewController.m */; };
		118CA16C1AB45B46002F0A4F /* InterestTableViewCell.m in Sources */ = {isa = PBXBuildFile; fileRef = 118CA16B1AB45B46002F0A4F /* InterestTableViewCell.m */; };
		75F2A8A31AB4615B009C434E /* Attraction.m in Sources */ = {isa = PBXBuildFile; fileRef = 75F2A89E1AB4615B009C434E /* Attraction.m */; };
		75F2A8A41AB4615B009C434E /* Interest.m in Sources */ = {isa = PBXBuildFile; fileRef = 75F2A8A01AB4615B009C434E /* Interest.m */; };
		75F2A8A51AB4615B009C434E /* Person.m in Sources */ = {isa = PBXBuildFile; fileRef = 75F2A8A21AB4615B009C434E /* Person.m */; };
		75F2A8A81AB470A2009C434E /* AttractionsSelectionViewController.m in Sources */ = {isa = PBXBuildFile; fileRef = 75F2A8A71AB470A2009C434E /* AttractionsSelectionViewController.m */; };
		75F2A8AA1AB4733B009C434E /* InterestTableViewCell.xib in Resources */ = {isa = PBXBuildFile; fileRef = 75F2A8A91AB4733B009C434E /* InterestTableViewCell.xib */; };
		75F2A8D11AB47933009C434E /* AFHTTPRequestOperation.m in Sources */ = {isa = PBXBuildFile; fileRef = 75F2A8AD1AB47933009C434E /* AFHTTPRequestOperation.m */; };
		75F2A8D21AB47933009C434E /* AFHTTPRequestOperationManager.m in Sources */ = {isa = PBXBuildFile; fileRef = 75F2A8AF1AB47933009C434E /* AFHTTPRequestOperationManager.m */; };
		75F2A8D31AB47933009C434E /* AFHTTPSessionManager.m in Sources */ = {isa = PBXBuildFile; fileRef = 75F2A8B11AB47933009C434E /* AFHTTPSessionManager.m */; };
		75F2A8D41AB47933009C434E /* AFNetworkReachabilityManager.m in Sources */ = {isa = PBXBuildFile; fileRef = 75F2A8B41AB47933009C434E /* AFNetworkReachabilityManager.m */; };
		75F2A8D51AB47933009C434E /* AFSecurityPolicy.m in Sources */ = {isa = PBXBuildFile; fileRef = 75F2A8B61AB47933009C434E /* AFSecurityPolicy.m */; };
		75F2A8D61AB47933009C434E /* AFURLConnectionOperation.m in Sources */ = {isa = PBXBuildFile; fileRef = 75F2A8B81AB47933009C434E /* AFURLConnectionOperation.m */; };
		75F2A8D71AB47933009C434E /* AFURLRequestSerialization.m in Sources */ = {isa = PBXBuildFile; fileRef = 75F2A8BA1AB47933009C434E /* AFURLRequestSerialization.m */; };
		75F2A8D81AB47933009C434E /* AFURLResponseSerialization.m in Sources */ = {isa = PBXBuildFile; fileRef = 75F2A8BC1AB47933009C434E /* AFURLResponseSerialization.m */; };
		75F2A8D91AB47933009C434E /* AFURLSessionManager.m in Sources */ = {isa = PBXBuildFile; fileRef = 75F2A8BE1AB47933009C434E /* AFURLSessionManager.m */; };
		75F2A8DA1AB47933009C434E /* AFNetworkActivityIndicatorManager.m in Sources */ = {isa = PBXBuildFile; fileRef = 75F2A8C11AB47933009C434E /* AFNetworkActivityIndicatorManager.m */; };
		75F2A8DB1AB47933009C434E /* UIActivityIndicatorView+AFNetworking.m in Sources */ = {isa = PBXBuildFile; fileRef = 75F2A8C31AB47933009C434E /* UIActivityIndicatorView+AFNetworking.m */; };
		75F2A8DC1AB47933009C434E /* UIAlertView+AFNetworking.m in Sources */ = {isa = PBXBuildFile; fileRef = 75F2A8C51AB47933009C434E /* UIAlertView+AFNetworking.m */; };
		75F2A8DD1AB47933009C434E /* UIButton+AFNetworking.m in Sources */ = {isa = PBXBuildFile; fileRef = 75F2A8C71AB47933009C434E /* UIButton+AFNetworking.m */; };
		75F2A8DE1AB47933009C434E /* UIImageView+AFNetworking.m in Sources */ = {isa = PBXBuildFile; fileRef = 75F2A8C91AB47933009C434E /* UIImageView+AFNetworking.m */; };
		75F2A8DF1AB47933009C434E /* UIProgressView+AFNetworking.m in Sources */ = {isa = PBXBuildFile; fileRef = 75F2A8CC1AB47933009C434E /* UIProgressView+AFNetworking.m */; };
		75F2A8E01AB47933009C434E /* UIRefreshControl+AFNetworking.m in Sources */ = {isa = PBXBuildFile; fileRef = 75F2A8CE1AB47933009C434E /* UIRefreshControl+AFNetworking.m */; };
		75F2A8E11AB47933009C434E /* UIWebView+AFNetworking.m in Sources */ = {isa = PBXBuildFile; fileRef = 75F2A8D01AB47933009C434E /* UIWebView+AFNetworking.m */; };
		75F2A8E51AB48421009C434E /* AttractionTableViewCell.m in Sources */ = {isa = PBXBuildFile; fileRef = 75F2A8E31AB48421009C434E /* AttractionTableViewCell.m */; };
		75F2A8E61AB48421009C434E /* AttractionTableViewCell.xib in Resources */ = {isa = PBXBuildFile; fileRef = 75F2A8E41AB48421009C434E /* AttractionTableViewCell.xib */; };
/* End PBXBuildFile section */

/* Begin PBXContainerItemProxy section */
		115D97481AB445E800321D8F /* PBXContainerItemProxy */ = {
			isa = PBXContainerItemProxy;
			containerPortal = 115D97261AB445E700321D8F /* Project object */;
			proxyType = 1;
			remoteGlobalIDString = 115D972D1AB445E700321D8F;
			remoteInfo = EmChat;
		};
/* End PBXContainerItemProxy section */

/* Begin PBXFileReference section */
		115D972E1AB445E700321D8F /* EmChat.app */ = {isa = PBXFileReference; explicitFileType = wrapper.application; includeInIndex = 0; path = EmChat.app; sourceTree = BUILT_PRODUCTS_DIR; };
		115D97321AB445E700321D8F /* Info.plist */ = {isa = PBXFileReference; lastKnownFileType = text.plist.xml; path = Info.plist; sourceTree = "<group>"; };
		115D97331AB445E700321D8F /* main.m */ = {isa = PBXFileReference; lastKnownFileType = sourcecode.c.objc; path = main.m; sourceTree = "<group>"; };
		115D97351AB445E700321D8F /* AppDelegate.h */ = {isa = PBXFileReference; lastKnownFileType = sourcecode.c.h; path = AppDelegate.h; sourceTree = "<group>"; };
		115D97361AB445E700321D8F /* AppDelegate.m */ = {isa = PBXFileReference; lastKnownFileType = sourcecode.c.objc; path = AppDelegate.m; sourceTree = "<group>"; };
		115D97381AB445E700321D8F /* ViewController.h */ = {isa = PBXFileReference; lastKnownFileType = sourcecode.c.h; path = ViewController.h; sourceTree = "<group>"; };
		115D97391AB445E700321D8F /* ViewController.m */ = {isa = PBXFileReference; lastKnownFileType = sourcecode.c.objc; path = ViewController.m; sourceTree = "<group>"; };
		115D973C1AB445E700321D8F /* Base */ = {isa = PBXFileReference; lastKnownFileType = file.storyboard; name = Base; path = Base.lproj/Main.storyboard; sourceTree = "<group>"; };
		115D973E1AB445E700321D8F /* Images.xcassets */ = {isa = PBXFileReference; lastKnownFileType = folder.assetcatalog; path = Images.xcassets; sourceTree = "<group>"; };
		115D97411AB445E700321D8F /* Base */ = {isa = PBXFileReference; lastKnownFileType = file.xib; name = Base; path = Base.lproj/LaunchScreen.xib; sourceTree = "<group>"; };
		115D97471AB445E800321D8F /* EmChatTests.xctest */ = {isa = PBXFileReference; explicitFileType = wrapper.cfbundle; includeInIndex = 0; path = EmChatTests.xctest; sourceTree = BUILT_PRODUCTS_DIR; };
		115D974C1AB445E800321D8F /* Info.plist */ = {isa = PBXFileReference; lastKnownFileType = text.plist.xml; path = Info.plist; sourceTree = "<group>"; };
		115D974D1AB445E800321D8F /* EmChatTests.m */ = {isa = PBXFileReference; lastKnownFileType = sourcecode.c.objc; path = EmChatTests.m; sourceTree = "<group>"; };
		115D97571AB4499B00321D8F /* TakePhotoViewController.h */ = {isa = PBXFileReference; fileEncoding = 4; lastKnownFileType = sourcecode.c.h; path = TakePhotoViewController.h; sourceTree = "<group>"; };
		115D97581AB4499B00321D8F /* TakePhotoViewController.m */ = {isa = PBXFileReference; fileEncoding = 4; lastKnownFileType = sourcecode.c.objc; path = TakePhotoViewController.m; sourceTree = "<group>"; };
		118CA1641AB4541F002F0A4F /* UIActionSheet+Blocks.h */ = {isa = PBXFileReference; fileEncoding = 4; lastKnownFileType = sourcecode.c.h; path = "UIActionSheet+Blocks.h"; sourceTree = "<group>"; };
		118CA1651AB4541F002F0A4F /* UIActionSheet+Blocks.m */ = {isa = PBXFileReference; fileEncoding = 4; lastKnownFileType = sourcecode.c.objc; path = "UIActionSheet+Blocks.m"; sourceTree = "<group>"; };
		118CA1671AB45A41002F0A4F /* InterestSelectionTableViewController.h */ = {isa = PBXFileReference; fileEncoding = 4; lastKnownFileType = sourcecode.c.h; path = InterestSelectionTableViewController.h; sourceTree = "<group>"; };
		118CA1681AB45A41002F0A4F /* InterestSelectionTableViewController.m */ = {isa = PBXFileReference; fileEncoding = 4; lastKnownFileType = sourcecode.c.objc; path = InterestSelectionTableViewController.m; sourceTree = "<group>"; };
		118CA16A1AB45B46002F0A4F /* InterestTableViewCell.h */ = {isa = PBXFileReference; fileEncoding = 4; lastKnownFileType = sourcecode.c.h; path = InterestTableViewCell.h; sourceTree = "<group>"; };
		118CA16B1AB45B46002F0A4F /* InterestTableViewCell.m */ = {isa = PBXFileReference; fileEncoding = 4; lastKnownFileType = sourcecode.c.objc; path = InterestTableViewCell.m; sourceTree = "<group>"; };
		75F2A89D1AB4615B009C434E /* Attraction.h */ = {isa = PBXFileReference; fileEncoding = 4; lastKnownFileType = sourcecode.c.h; path = Attraction.h; sourceTree = "<group>"; };
		75F2A89E1AB4615B009C434E /* Attraction.m */ = {isa = PBXFileReference; fileEncoding = 4; lastKnownFileType = sourcecode.c.objc; path = Attraction.m; sourceTree = "<group>"; };
		75F2A89F1AB4615B009C434E /* Interest.h */ = {isa = PBXFileReference; fileEncoding = 4; lastKnownFileType = sourcecode.c.h; path = Interest.h; sourceTree = "<group>"; };
		75F2A8A01AB4615B009C434E /* Interest.m */ = {isa = PBXFileReference; fileEncoding = 4; lastKnownFileType = sourcecode.c.objc; path = Interest.m; sourceTree = "<group>"; };
		75F2A8A11AB4615B009C434E /* Person.h */ = {isa = PBXFileReference; fileEncoding = 4; lastKnownFileType = sourcecode.c.h; path = Person.h; sourceTree = "<group>"; };
		75F2A8A21AB4615B009C434E /* Person.m */ = {isa = PBXFileReference; fileEncoding = 4; lastKnownFileType = sourcecode.c.objc; path = Person.m; sourceTree = "<group>"; };
		75F2A8A61AB470A2009C434E /* AttractionsSelectionViewController.h */ = {isa = PBXFileReference; fileEncoding = 4; lastKnownFileType = sourcecode.c.h; path = AttractionsSelectionViewController.h; sourceTree = "<group>"; };
		75F2A8A71AB470A2009C434E /* AttractionsSelectionViewController.m */ = {isa = PBXFileReference; fileEncoding = 4; lastKnownFileType = sourcecode.c.objc; path = AttractionsSelectionViewController.m; sourceTree = "<group>"; };
		75F2A8A91AB4733B009C434E /* InterestTableViewCell.xib */ = {isa = PBXFileReference; fileEncoding = 4; lastKnownFileType = file.xib; path = InterestTableViewCell.xib; sourceTree = "<group>"; };
		75F2A8AC1AB47933009C434E /* AFHTTPRequestOperation.h */ = {isa = PBXFileReference; fileEncoding = 4; lastKnownFileType = sourcecode.c.h; path = AFHTTPRequestOperation.h; sourceTree = "<group>"; };
		75F2A8AD1AB47933009C434E /* AFHTTPRequestOperation.m */ = {isa = PBXFileReference; fileEncoding = 4; lastKnownFileType = sourcecode.c.objc; path = AFHTTPRequestOperation.m; sourceTree = "<group>"; };
		75F2A8AE1AB47933009C434E /* AFHTTPRequestOperationManager.h */ = {isa = PBXFileReference; fileEncoding = 4; lastKnownFileType = sourcecode.c.h; path = AFHTTPRequestOperationManager.h; sourceTree = "<group>"; };
		75F2A8AF1AB47933009C434E /* AFHTTPRequestOperationManager.m */ = {isa = PBXFileReference; fileEncoding = 4; lastKnownFileType = sourcecode.c.objc; path = AFHTTPRequestOperationManager.m; sourceTree = "<group>"; };
		75F2A8B01AB47933009C434E /* AFHTTPSessionManager.h */ = {isa = PBXFileReference; fileEncoding = 4; lastKnownFileType = sourcecode.c.h; path = AFHTTPSessionManager.h; sourceTree = "<group>"; };
		75F2A8B11AB47933009C434E /* AFHTTPSessionManager.m */ = {isa = PBXFileReference; fileEncoding = 4; lastKnownFileType = sourcecode.c.objc; path = AFHTTPSessionManager.m; sourceTree = "<group>"; };
		75F2A8B21AB47933009C434E /* AFNetworking.h */ = {isa = PBXFileReference; fileEncoding = 4; lastKnownFileType = sourcecode.c.h; path = AFNetworking.h; sourceTree = "<group>"; };
		75F2A8B31AB47933009C434E /* AFNetworkReachabilityManager.h */ = {isa = PBXFileReference; fileEncoding = 4; lastKnownFileType = sourcecode.c.h; path = AFNetworkReachabilityManager.h; sourceTree = "<group>"; };
		75F2A8B41AB47933009C434E /* AFNetworkReachabilityManager.m */ = {isa = PBXFileReference; fileEncoding = 4; lastKnownFileType = sourcecode.c.objc; path = AFNetworkReachabilityManager.m; sourceTree = "<group>"; };
		75F2A8B51AB47933009C434E /* AFSecurityPolicy.h */ = {isa = PBXFileReference; fileEncoding = 4; lastKnownFileType = sourcecode.c.h; path = AFSecurityPolicy.h; sourceTree = "<group>"; };
		75F2A8B61AB47933009C434E /* AFSecurityPolicy.m */ = {isa = PBXFileReference; fileEncoding = 4; lastKnownFileType = sourcecode.c.objc; path = AFSecurityPolicy.m; sourceTree = "<group>"; };
		75F2A8B71AB47933009C434E /* AFURLConnectionOperation.h */ = {isa = PBXFileReference; fileEncoding = 4; lastKnownFileType = sourcecode.c.h; path = AFURLConnectionOperation.h; sourceTree = "<group>"; };
		75F2A8B81AB47933009C434E /* AFURLConnectionOperation.m */ = {isa = PBXFileReference; fileEncoding = 4; lastKnownFileType = sourcecode.c.objc; path = AFURLConnectionOperation.m; sourceTree = "<group>"; };
		75F2A8B91AB47933009C434E /* AFURLRequestSerialization.h */ = {isa = PBXFileReference; fileEncoding = 4; lastKnownFileType = sourcecode.c.h; path = AFURLRequestSerialization.h; sourceTree = "<group>"; };
		75F2A8BA1AB47933009C434E /* AFURLRequestSerialization.m */ = {isa = PBXFileReference; fileEncoding = 4; lastKnownFileType = sourcecode.c.objc; path = AFURLRequestSerialization.m; sourceTree = "<group>"; };
		75F2A8BB1AB47933009C434E /* AFURLResponseSerialization.h */ = {isa = PBXFileReference; fileEncoding = 4; lastKnownFileType = sourcecode.c.h; path = AFURLResponseSerialization.h; sourceTree = "<group>"; };
		75F2A8BC1AB47933009C434E /* AFURLResponseSerialization.m */ = {isa = PBXFileReference; fileEncoding = 4; lastKnownFileType = sourcecode.c.objc; path = AFURLResponseSerialization.m; sourceTree = "<group>"; };
		75F2A8BD1AB47933009C434E /* AFURLSessionManager.h */ = {isa = PBXFileReference; fileEncoding = 4; lastKnownFileType = sourcecode.c.h; path = AFURLSessionManager.h; sourceTree = "<group>"; };
		75F2A8BE1AB47933009C434E /* AFURLSessionManager.m */ = {isa = PBXFileReference; fileEncoding = 4; lastKnownFileType = sourcecode.c.objc; path = AFURLSessionManager.m; sourceTree = "<group>"; };
		75F2A8C01AB47933009C434E /* AFNetworkActivityIndicatorManager.h */ = {isa = PBXFileReference; fileEncoding = 4; lastKnownFileType = sourcecode.c.h; path = AFNetworkActivityIndicatorManager.h; sourceTree = "<group>"; };
		75F2A8C11AB47933009C434E /* AFNetworkActivityIndicatorManager.m */ = {isa = PBXFileReference; fileEncoding = 4; lastKnownFileType = sourcecode.c.objc; path = AFNetworkActivityIndicatorManager.m; sourceTree = "<group>"; };
		75F2A8C21AB47933009C434E /* UIActivityIndicatorView+AFNetworking.h */ = {isa = PBXFileReference; fileEncoding = 4; lastKnownFileType = sourcecode.c.h; path = "UIActivityIndicatorView+AFNetworking.h"; sourceTree = "<group>"; };
		75F2A8C31AB47933009C434E /* UIActivityIndicatorView+AFNetworking.m */ = {isa = PBXFileReference; fileEncoding = 4; lastKnownFileType = sourcecode.c.objc; path = "UIActivityIndicatorView+AFNetworking.m"; sourceTree = "<group>"; };
		75F2A8C41AB47933009C434E /* UIAlertView+AFNetworking.h */ = {isa = PBXFileReference; fileEncoding = 4; lastKnownFileType = sourcecode.c.h; path = "UIAlertView+AFNetworking.h"; sourceTree = "<group>"; };
		75F2A8C51AB47933009C434E /* UIAlertView+AFNetworking.m */ = {isa = PBXFileReference; fileEncoding = 4; lastKnownFileType = sourcecode.c.objc; path = "UIAlertView+AFNetworking.m"; sourceTree = "<group>"; };
		75F2A8C61AB47933009C434E /* UIButton+AFNetworking.h */ = {isa = PBXFileReference; fileEncoding = 4; lastKnownFileType = sourcecode.c.h; path = "UIButton+AFNetworking.h"; sourceTree = "<group>"; };
		75F2A8C71AB47933009C434E /* UIButton+AFNetworking.m */ = {isa = PBXFileReference; fileEncoding = 4; lastKnownFileType = sourcecode.c.objc; path = "UIButton+AFNetworking.m"; sourceTree = "<group>"; };
		75F2A8C81AB47933009C434E /* UIImageView+AFNetworking.h */ = {isa = PBXFileReference; fileEncoding = 4; lastKnownFileType = sourcecode.c.h; path = "UIImageView+AFNetworking.h"; sourceTree = "<group>"; };
		75F2A8C91AB47933009C434E /* UIImageView+AFNetworking.m */ = {isa = PBXFileReference; fileEncoding = 4; lastKnownFileType = sourcecode.c.objc; path = "UIImageView+AFNetworking.m"; sourceTree = "<group>"; };
		75F2A8CA1AB47933009C434E /* UIKit+AFNetworking.h */ = {isa = PBXFileReference; fileEncoding = 4; lastKnownFileType = sourcecode.c.h; path = "UIKit+AFNetworking.h"; sourceTree = "<group>"; };
		75F2A8CB1AB47933009C434E /* UIProgressView+AFNetworking.h */ = {isa = PBXFileReference; fileEncoding = 4; lastKnownFileType = sourcecode.c.h; path = "UIProgressView+AFNetworking.h"; sourceTree = "<group>"; };
		75F2A8CC1AB47933009C434E /* UIProgressView+AFNetworking.m */ = {isa = PBXFileReference; fileEncoding = 4; lastKnownFileType = sourcecode.c.objc; path = "UIProgressView+AFNetworking.m"; sourceTree = "<group>"; };
		75F2A8CD1AB47933009C434E /* UIRefreshControl+AFNetworking.h */ = {isa = PBXFileReference; fileEncoding = 4; lastKnownFileType = sourcecode.c.h; path = "UIRefreshControl+AFNetworking.h"; sourceTree = "<group>"; };
		75F2A8CE1AB47933009C434E /* UIRefreshControl+AFNetworking.m */ = {isa = PBXFileReference; fileEncoding = 4; lastKnownFileType = sourcecode.c.objc; path = "UIRefreshControl+AFNetworking.m"; sourceTree = "<group>"; };
		75F2A8CF1AB47933009C434E /* UIWebView+AFNetworking.h */ = {isa = PBXFileReference; fileEncoding = 4; lastKnownFileType = sourcecode.c.h; path = "UIWebView+AFNetworking.h"; sourceTree = "<group>"; };
		75F2A8D01AB47933009C434E /* UIWebView+AFNetworking.m */ = {isa = PBXFileReference; fileEncoding = 4; lastKnownFileType = sourcecode.c.objc; path = "UIWebView+AFNetworking.m"; sourceTree = "<group>"; };
		75F2A8E21AB48421009C434E /* AttractionTableViewCell.h */ = {isa = PBXFileReference; fileEncoding = 4; lastKnownFileType = sourcecode.c.h; path = AttractionTableViewCell.h; sourceTree = "<group>"; };
		75F2A8E31AB48421009C434E /* AttractionTableViewCell.m */ = {isa = PBXFileReference; fileEncoding = 4; lastKnownFileType = sourcecode.c.objc; path = AttractionTableViewCell.m; sourceTree = "<group>"; };
		75F2A8E41AB48421009C434E /* AttractionTableViewCell.xib */ = {isa = PBXFileReference; fileEncoding = 4; lastKnownFileType = file.xib; path = AttractionTableViewCell.xib; sourceTree = "<group>"; };
/* End PBXFileReference section */

/* Begin PBXFrameworksBuildPhase section */
		115D972B1AB445E700321D8F /* Frameworks */ = {
			isa = PBXFrameworksBuildPhase;
			buildActionMask = 2147483647;
			files = (
			);
			runOnlyForDeploymentPostprocessing = 0;
		};
		115D97441AB445E800321D8F /* Frameworks */ = {
			isa = PBXFrameworksBuildPhase;
			buildActionMask = 2147483647;
			files = (
			);
			runOnlyForDeploymentPostprocessing = 0;
		};
/* End PBXFrameworksBuildPhase section */

/* Begin PBXGroup section */
		115D97251AB445E700321D8F = {
			isa = PBXGroup;
			children = (
				115D97301AB445E700321D8F /* EmChat */,
				115D974A1AB445E800321D8F /* EmChatTests */,
				115D972F1AB445E700321D8F /* Products */,
			);
			sourceTree = "<group>";
		};
		115D972F1AB445E700321D8F /* Products */ = {
			isa = PBXGroup;
			children = (
				115D972E1AB445E700321D8F /* EmChat.app */,
				115D97471AB445E800321D8F /* EmChatTests.xctest */,
			);
			name = Products;
			sourceTree = "<group>";
		};
		115D97301AB445E700321D8F /* EmChat */ = {
			isa = PBXGroup;
			children = (
				75F2A89D1AB4615B009C434E /* Attraction.h */,
				75F2A89E1AB4615B009C434E /* Attraction.m */,
				75F2A89F1AB4615B009C434E /* Interest.h */,
				75F2A8A01AB4615B009C434E /* Interest.m */,
				75F2A8A11AB4615B009C434E /* Person.h */,
				75F2A8A21AB4615B009C434E /* Person.m */,
				118CA1631AB45419002F0A4F /* External */,
				115D97351AB445E700321D8F /* AppDelegate.h */,
				115D97361AB445E700321D8F /* AppDelegate.m */,
				115D97381AB445E700321D8F /* ViewController.h */,
				115D97391AB445E700321D8F /* ViewController.m */,
				115D973B1AB445E700321D8F /* Main.storyboard */,
				115D973E1AB445E700321D8F /* Images.xcassets */,
				115D97401AB445E700321D8F /* LaunchScreen.xib */,
				115D97311AB445E700321D8F /* Supporting Files */,
				115D97571AB4499B00321D8F /* TakePhotoViewController.h */,
				115D97581AB4499B00321D8F /* TakePhotoViewController.m */,
				118CA1671AB45A41002F0A4F /* InterestSelectionTableViewController.h */,
				118CA1681AB45A41002F0A4F /* InterestSelectionTableViewController.m */,
				118CA16A1AB45B46002F0A4F /* InterestTableViewCell.h */,
				118CA16B1AB45B46002F0A4F /* InterestTableViewCell.m */,
				75F2A8A91AB4733B009C434E /* InterestTableViewCell.xib */,
				75F2A8A61AB470A2009C434E /* AttractionsSelectionViewController.h */,
				75F2A8A71AB470A2009C434E /* AttractionsSelectionViewController.m */,
				75F2A8E21AB48421009C434E /* AttractionTableViewCell.h */,
				75F2A8E31AB48421009C434E /* AttractionTableViewCell.m */,
				75F2A8E41AB48421009C434E /* AttractionTableViewCell.xib */,
			);
			path = EmChat;
			sourceTree = "<group>";
		};
		115D97311AB445E700321D8F /* Supporting Files */ = {
			isa = PBXGroup;
			children = (
				115D97321AB445E700321D8F /* Info.plist */,
				115D97331AB445E700321D8F /* main.m */,
			);
			name = "Supporting Files";
			sourceTree = "<group>";
		};
		115D974A1AB445E800321D8F /* EmChatTests */ = {
			isa = PBXGroup;
			children = (
				115D974D1AB445E800321D8F /* EmChatTests.m */,
				115D974B1AB445E800321D8F /* Supporting Files */,
			);
			path = EmChatTests;
			sourceTree = "<group>";
		};
		115D974B1AB445E800321D8F /* Supporting Files */ = {
			isa = PBXGroup;
			children = (
				115D974C1AB445E800321D8F /* Info.plist */,
			);
			name = "Supporting Files";
			sourceTree = "<group>";
		};
		118CA1631AB45419002F0A4F /* External */ = {
			isa = PBXGroup;
			children = (
				75F2A8AB1AB47933009C434E /* AFNetworking */,
				75F2A8BF1AB47933009C434E /* UIKit+AFNetworking */,
				118CA1641AB4541F002F0A4F /* UIActionSheet+Blocks.h */,
				118CA1651AB4541F002F0A4F /* UIActionSheet+Blocks.m */,
			);
			path = External;
			sourceTree = "<group>";
		};
		75F2A8AB1AB47933009C434E /* AFNetworking */ = {
			isa = PBXGroup;
			children = (
				75F2A8AC1AB47933009C434E /* AFHTTPRequestOperation.h */,
				75F2A8AD1AB47933009C434E /* AFHTTPRequestOperation.m */,
				75F2A8AE1AB47933009C434E /* AFHTTPRequestOperationManager.h */,
				75F2A8AF1AB47933009C434E /* AFHTTPRequestOperationManager.m */,
				75F2A8B01AB47933009C434E /* AFHTTPSessionManager.h */,
				75F2A8B11AB47933009C434E /* AFHTTPSessionManager.m */,
				75F2A8B21AB47933009C434E /* AFNetworking.h */,
				75F2A8B31AB47933009C434E /* AFNetworkReachabilityManager.h */,
				75F2A8B41AB47933009C434E /* AFNetworkReachabilityManager.m */,
				75F2A8B51AB47933009C434E /* AFSecurityPolicy.h */,
				75F2A8B61AB47933009C434E /* AFSecurityPolicy.m */,
				75F2A8B71AB47933009C434E /* AFURLConnectionOperation.h */,
				75F2A8B81AB47933009C434E /* AFURLConnectionOperation.m */,
				75F2A8B91AB47933009C434E /* AFURLRequestSerialization.h */,
				75F2A8BA1AB47933009C434E /* AFURLRequestSerialization.m */,
				75F2A8BB1AB47933009C434E /* AFURLResponseSerialization.h */,
				75F2A8BC1AB47933009C434E /* AFURLResponseSerialization.m */,
				75F2A8BD1AB47933009C434E /* AFURLSessionManager.h */,
				75F2A8BE1AB47933009C434E /* AFURLSessionManager.m */,
			);
			path = AFNetworking;
			sourceTree = "<group>";
		};
		75F2A8BF1AB47933009C434E /* UIKit+AFNetworking */ = {
			isa = PBXGroup;
			children = (
				75F2A8C01AB47933009C434E /* AFNetworkActivityIndicatorManager.h */,
				75F2A8C11AB47933009C434E /* AFNetworkActivityIndicatorManager.m */,
				75F2A8C21AB47933009C434E /* UIActivityIndicatorView+AFNetworking.h */,
				75F2A8C31AB47933009C434E /* UIActivityIndicatorView+AFNetworking.m */,
				75F2A8C41AB47933009C434E /* UIAlertView+AFNetworking.h */,
				75F2A8C51AB47933009C434E /* UIAlertView+AFNetworking.m */,
				75F2A8C61AB47933009C434E /* UIButton+AFNetworking.h */,
				75F2A8C71AB47933009C434E /* UIButton+AFNetworking.m */,
				75F2A8C81AB47933009C434E /* UIImageView+AFNetworking.h */,
				75F2A8C91AB47933009C434E /* UIImageView+AFNetworking.m */,
				75F2A8CA1AB47933009C434E /* UIKit+AFNetworking.h */,
				75F2A8CB1AB47933009C434E /* UIProgressView+AFNetworking.h */,
				75F2A8CC1AB47933009C434E /* UIProgressView+AFNetworking.m */,
				75F2A8CD1AB47933009C434E /* UIRefreshControl+AFNetworking.h */,
				75F2A8CE1AB47933009C434E /* UIRefreshControl+AFNetworking.m */,
				75F2A8CF1AB47933009C434E /* UIWebView+AFNetworking.h */,
				75F2A8D01AB47933009C434E /* UIWebView+AFNetworking.m */,
			);
			path = "UIKit+AFNetworking";
			sourceTree = "<group>";
		};
/* End PBXGroup section */

/* Begin PBXNativeTarget section */
		115D972D1AB445E700321D8F /* EmChat */ = {
			isa = PBXNativeTarget;
			buildConfigurationList = 115D97511AB445E800321D8F /* Build configuration list for PBXNativeTarget "EmChat" */;
			buildPhases = (
				115D972A1AB445E700321D8F /* Sources */,
				115D972B1AB445E700321D8F /* Frameworks */,
				115D972C1AB445E700321D8F /* Resources */,
			);
			buildRules = (
			);
			dependencies = (
			);
			name = EmChat;
			productName = EmChat;
			productReference = 115D972E1AB445E700321D8F /* EmChat.app */;
			productType = "com.apple.product-type.application";
		};
		115D97461AB445E800321D8F /* EmChatTests */ = {
			isa = PBXNativeTarget;
			buildConfigurationList = 115D97541AB445E800321D8F /* Build configuration list for PBXNativeTarget "EmChatTests" */;
			buildPhases = (
				115D97431AB445E800321D8F /* Sources */,
				115D97441AB445E800321D8F /* Frameworks */,
				115D97451AB445E800321D8F /* Resources */,
			);
			buildRules = (
			);
			dependencies = (
				115D97491AB445E800321D8F /* PBXTargetDependency */,
			);
			name = EmChatTests;
			productName = EmChatTests;
			productReference = 115D97471AB445E800321D8F /* EmChatTests.xctest */;
			productType = "com.apple.product-type.bundle.unit-test";
		};
/* End PBXNativeTarget section */

/* Begin PBXProject section */
		115D97261AB445E700321D8F /* Project object */ = {
			isa = PBXProject;
			attributes = {
				LastUpgradeCheck = 0620;
				ORGANIZATIONNAME = "Alan Wong";
				TargetAttributes = {
					115D972D1AB445E700321D8F = {
						CreatedOnToolsVersion = 6.2;
					};
					115D97461AB445E800321D8F = {
						CreatedOnToolsVersion = 6.2;
						TestTargetID = 115D972D1AB445E700321D8F;
					};
				};
			};
			buildConfigurationList = 115D97291AB445E700321D8F /* Build configuration list for PBXProject "EmChat" */;
			compatibilityVersion = "Xcode 3.2";
			developmentRegion = English;
			hasScannedForEncodings = 0;
			knownRegions = (
				en,
				Base,
			);
			mainGroup = 115D97251AB445E700321D8F;
			productRefGroup = 115D972F1AB445E700321D8F /* Products */;
			projectDirPath = "";
			projectRoot = "";
			targets = (
				115D972D1AB445E700321D8F /* EmChat */,
				115D97461AB445E800321D8F /* EmChatTests */,
			);
		};
/* End PBXProject section */

/* Begin PBXResourcesBuildPhase section */
		115D972C1AB445E700321D8F /* Resources */ = {
			isa = PBXResourcesBuildPhase;
			buildActionMask = 2147483647;
			files = (
				115D973D1AB445E700321D8F /* Main.storyboard in Resources */,
				115D97421AB445E700321D8F /* LaunchScreen.xib in Resources */,
				75F2A8E61AB48421009C434E /* AttractionTableViewCell.xib in Resources */,
				115D973F1AB445E700321D8F /* Images.xcassets in Resources */,
				75F2A8AA1AB4733B009C434E /* InterestTableViewCell.xib in Resources */,
			);
			runOnlyForDeploymentPostprocessing = 0;
		};
		115D97451AB445E800321D8F /* Resources */ = {
			isa = PBXResourcesBuildPhase;
			buildActionMask = 2147483647;
			files = (
			);
			runOnlyForDeploymentPostprocessing = 0;
		};
/* End PBXResourcesBuildPhase section */

/* Begin PBXSourcesBuildPhase section */
		115D972A1AB445E700321D8F /* Sources */ = {
			isa = PBXSourcesBuildPhase;
			buildActionMask = 2147483647;
			files = (
				75F2A8D11AB47933009C434E /* AFHTTPRequestOperation.m in Sources */,
				75F2A8A31AB4615B009C434E /* Attraction.m in Sources */,
				118CA16C1AB45B46002F0A4F /* InterestTableViewCell.m in Sources */,
				75F2A8A51AB4615B009C434E /* Person.m in Sources */,
				118CA1691AB45A41002F0A4F /* InterestSelectionTableViewController.m in Sources */,
				75F2A8DA1AB47933009C434E /* AFNetworkActivityIndicatorManager.m in Sources */,
				75F2A8D91AB47933009C434E /* AFURLSessionManager.m in Sources */,
				75F2A8D31AB47933009C434E /* AFHTTPSessionManager.m in Sources */,
				115D973A1AB445E700321D8F /* ViewController.m in Sources */,
				75F2A8D41AB47933009C434E /* AFNetworkReachabilityManager.m in Sources */,
				115D97371AB445E700321D8F /* AppDelegate.m in Sources */,
				75F2A8DE1AB47933009C434E /* UIImageView+AFNetworking.m in Sources */,
				75F2A8DF1AB47933009C434E /* UIProgressView+AFNetworking.m in Sources */,
				75F2A8D81AB47933009C434E /* AFURLResponseSerialization.m in Sources */,
				75F2A8E01AB47933009C434E /* UIRefreshControl+AFNetworking.m in Sources */,
				75F2A8D71AB47933009C434E /* AFURLRequestSerialization.m in Sources */,
				75F2A8D61AB47933009C434E /* AFURLConnectionOperation.m in Sources */,
				75F2A8DD1AB47933009C434E /* UIButton+AFNetworking.m in Sources */,
				75F2A8DB1AB47933009C434E /* UIActivityIndicatorView+AFNetworking.m in Sources */,
				75F2A8D21AB47933009C434E /* AFHTTPRequestOperationManager.m in Sources */,
				75F2A8A41AB4615B009C434E /* Interest.m in Sources */,
				115D97591AB4499B00321D8F /* TakePhotoViewController.m in Sources */,
				75F2A8E51AB48421009C434E /* AttractionTableViewCell.m in Sources */,
				75F2A8D51AB47933009C434E /* AFSecurityPolicy.m in Sources */,
				118CA1661AB4541F002F0A4F /* UIActionSheet+Blocks.m in Sources */,
				75F2A8E11AB47933009C434E /* UIWebView+AFNetworking.m in Sources */,
				75F2A8A81AB470A2009C434E /* AttractionsSelectionViewController.m in Sources */,
				115D97341AB445E700321D8F /* main.m in Sources */,
				75F2A8DC1AB47933009C434E /* UIAlertView+AFNetworking.m in Sources */,
			);
			runOnlyForDeploymentPostprocessing = 0;
		};
		115D97431AB445E800321D8F /* Sources */ = {
			isa = PBXSourcesBuildPhase;
			buildActionMask = 2147483647;
			files = (
				115D974E1AB445E800321D8F /* EmChatTests.m in Sources */,
			);
			runOnlyForDeploymentPostprocessing = 0;
		};
/* End PBXSourcesBuildPhase section */

/* Begin PBXTargetDependency section */
		115D97491AB445E800321D8F /* PBXTargetDependency */ = {
			isa = PBXTargetDependency;
			target = 115D972D1AB445E700321D8F /* EmChat */;
			targetProxy = 115D97481AB445E800321D8F /* PBXContainerItemProxy */;
		};
/* End PBXTargetDependency section */

/* Begin PBXVariantGroup section */
		115D973B1AB445E700321D8F /* Main.storyboard */ = {
			isa = PBXVariantGroup;
			children = (
				115D973C1AB445E700321D8F /* Base */,
			);
			name = Main.storyboard;
			sourceTree = "<group>";
		};
		115D97401AB445E700321D8F /* LaunchScreen.xib */ = {
			isa = PBXVariantGroup;
			children = (
				115D97411AB445E700321D8F /* Base */,
			);
			name = LaunchScreen.xib;
			sourceTree = "<group>";
		};
/* End PBXVariantGroup section */

/* Begin XCBuildConfiguration section */
		115D974F1AB445E800321D8F /* Debug */ = {
			isa = XCBuildConfiguration;
			buildSettings = {
				ALWAYS_SEARCH_USER_PATHS = NO;
				CLANG_CXX_LANGUAGE_STANDARD = "gnu++0x";
				CLANG_CXX_LIBRARY = "libc++";
				CLANG_ENABLE_MODULES = YES;
				CLANG_ENABLE_OBJC_ARC = YES;
				CLANG_WARN_BOOL_CONVERSION = YES;
				CLANG_WARN_CONSTANT_CONVERSION = YES;
				CLANG_WARN_DIRECT_OBJC_ISA_USAGE = YES_ERROR;
				CLANG_WARN_EMPTY_BODY = YES;
				CLANG_WARN_ENUM_CONVERSION = YES;
				CLANG_WARN_INT_CONVERSION = YES;
				CLANG_WARN_OBJC_ROOT_CLASS = YES_ERROR;
				CLANG_WARN_UNREACHABLE_CODE = YES;
				CLANG_WARN__DUPLICATE_METHOD_MATCH = YES;
				"CODE_SIGN_IDENTITY[sdk=iphoneos*]" = "iPhone Developer";
				COPY_PHASE_STRIP = NO;
				ENABLE_STRICT_OBJC_MSGSEND = YES;
				GCC_C_LANGUAGE_STANDARD = gnu99;
				GCC_DYNAMIC_NO_PIC = NO;
				GCC_OPTIMIZATION_LEVEL = 0;
				GCC_PREPROCESSOR_DEFINITIONS = (
					"DEBUG=1",
					"$(inherited)",
				);
				GCC_SYMBOLS_PRIVATE_EXTERN = NO;
				GCC_WARN_64_TO_32_BIT_CONVERSION = YES;
				GCC_WARN_ABOUT_RETURN_TYPE = YES_ERROR;
				GCC_WARN_UNDECLARED_SELECTOR = YES;
				GCC_WARN_UNINITIALIZED_AUTOS = YES_AGGRESSIVE;
				GCC_WARN_UNUSED_FUNCTION = YES;
				GCC_WARN_UNUSED_VARIABLE = YES;
				IPHONEOS_DEPLOYMENT_TARGET = 8.2;
				MTL_ENABLE_DEBUG_INFO = YES;
				ONLY_ACTIVE_ARCH = YES;
				SDKROOT = iphoneos;
			};
			name = Debug;
		};
		115D97501AB445E800321D8F /* Release */ = {
			isa = XCBuildConfiguration;
			buildSettings = {
				ALWAYS_SEARCH_USER_PATHS = NO;
				CLANG_CXX_LANGUAGE_STANDARD = "gnu++0x";
				CLANG_CXX_LIBRARY = "libc++";
				CLANG_ENABLE_MODULES = YES;
				CLANG_ENABLE_OBJC_ARC = YES;
				CLANG_WARN_BOOL_CONVERSION = YES;
				CLANG_WARN_CONSTANT_CONVERSION = YES;
				CLANG_WARN_DIRECT_OBJC_ISA_USAGE = YES_ERROR;
				CLANG_WARN_EMPTY_BODY = YES;
				CLANG_WARN_ENUM_CONVERSION = YES;
				CLANG_WARN_INT_CONVERSION = YES;
				CLANG_WARN_OBJC_ROOT_CLASS = YES_ERROR;
				CLANG_WARN_UNREACHABLE_CODE = YES;
				CLANG_WARN__DUPLICATE_METHOD_MATCH = YES;
				"CODE_SIGN_IDENTITY[sdk=iphoneos*]" = "iPhone Developer";
				COPY_PHASE_STRIP = NO;
				ENABLE_NS_ASSERTIONS = NO;
				ENABLE_STRICT_OBJC_MSGSEND = YES;
				GCC_C_LANGUAGE_STANDARD = gnu99;
				GCC_WARN_64_TO_32_BIT_CONVERSION = YES;
				GCC_WARN_ABOUT_RETURN_TYPE = YES_ERROR;
				GCC_WARN_UNDECLARED_SELECTOR = YES;
				GCC_WARN_UNINITIALIZED_AUTOS = YES_AGGRESSIVE;
				GCC_WARN_UNUSED_FUNCTION = YES;
				GCC_WARN_UNUSED_VARIABLE = YES;
				IPHONEOS_DEPLOYMENT_TARGET = 8.2;
				MTL_ENABLE_DEBUG_INFO = NO;
				SDKROOT = iphoneos;
				VALIDATE_PRODUCT = YES;
			};
			name = Release;
		};
		115D97521AB445E800321D8F /* Debug */ = {
			isa = XCBuildConfiguration;
			buildSettings = {
				ASSETCATALOG_COMPILER_APPICON_NAME = AppIcon;
				INFOPLIST_FILE = EmChat/Info.plist;
				LD_RUNPATH_SEARCH_PATHS = "$(inherited) @executable_path/Frameworks";
				PRODUCT_NAME = "$(TARGET_NAME)";
			};
			name = Debug;
		};
		115D97531AB445E800321D8F /* Release */ = {
			isa = XCBuildConfiguration;
			buildSettings = {
				ASSETCATALOG_COMPILER_APPICON_NAME = AppIcon;
				INFOPLIST_FILE = EmChat/Info.plist;
				LD_RUNPATH_SEARCH_PATHS = "$(inherited) @executable_path/Frameworks";
				PRODUCT_NAME = "$(TARGET_NAME)";
			};
			name = Release;
		};
		115D97551AB445E800321D8F /* Debug */ = {
			isa = XCBuildConfiguration;
			buildSettings = {
				BUNDLE_LOADER = "$(TEST_HOST)";
				FRAMEWORK_SEARCH_PATHS = (
					"$(SDKROOT)/Developer/Library/Frameworks",
					"$(inherited)",
				);
				GCC_PREPROCESSOR_DEFINITIONS = (
					"DEBUG=1",
					"$(inherited)",
				);
				INFOPLIST_FILE = EmChatTests/Info.plist;
				LD_RUNPATH_SEARCH_PATHS = "$(inherited) @executable_path/Frameworks @loader_path/Frameworks";
				PRODUCT_NAME = "$(TARGET_NAME)";
				TEST_HOST = "$(BUILT_PRODUCTS_DIR)/EmChat.app/EmChat";
			};
			name = Debug;
		};
		115D97561AB445E800321D8F /* Release */ = {
			isa = XCBuildConfiguration;
			buildSettings = {
				BUNDLE_LOADER = "$(TEST_HOST)";
				FRAMEWORK_SEARCH_PATHS = (
					"$(SDKROOT)/Developer/Library/Frameworks",
					"$(inherited)",
				);
				INFOPLIST_FILE = EmChatTests/Info.plist;
				LD_RUNPATH_SEARCH_PATHS = "$(inherited) @executable_path/Frameworks @loader_path/Frameworks";
				PRODUCT_NAME = "$(TARGET_NAME)";
				TEST_HOST = "$(BUILT_PRODUCTS_DIR)/EmChat.app/EmChat";
			};
			name = Release;
		};
/* End XCBuildConfiguration section */

/* Begin XCConfigurationList section */
		115D97291AB445E700321D8F /* Build configuration list for PBXProject "EmChat" */ = {
			isa = XCConfigurationList;
			buildConfigurations = (
				115D974F1AB445E800321D8F /* Debug */,
				115D97501AB445E800321D8F /* Release */,
			);
			defaultConfigurationIsVisible = 0;
			defaultConfigurationName = Release;
		};
		115D97511AB445E800321D8F /* Build configuration list for PBXNativeTarget "EmChat" */ = {
			isa = XCConfigurationList;
			buildConfigurations = (
				115D97521AB445E800321D8F /* Debug */,
				115D97531AB445E800321D8F /* Release */,
			);
			defaultConfigurationIsVisible = 0;
			defaultConfigurationName = Release;
		};
		115D97541AB445E800321D8F /* Build configuration list for PBXNativeTarget "EmChatTests" */ = {
			isa = XCConfigurationList;
			buildConfigurations = (
				115D97551AB445E800321D8F /* Debug */,
				115D97561AB445E800321D8F /* Release */,
			);
			defaultConfigurationIsVisible = 0;
			defaultConfigurationName = Release;
		};
/* End XCConfigurationList section */
	};
	rootObject = 115D97261AB445E700321D8F /* Project object */;
}
